
Microsoft Visual Studio Solution File, Format Version 12.00
# Visual Studio Version 16
VisualStudioVersion = 16.0.32106.194
MinimumVisualStudioVersion = 10.0.40219.1
Project("{F2A71F9B-5D33-465A-A702-920D77279786}") = "FsharpWebApp", "FsharpWebApp\FsharpWebApp.fsproj", "{76F1C741-B133-4EFD-A297-12C76CB1CDC7}"
EndProject
Global
	GlobalSection(SolutionConfigurationPlatforms) = preSolution
		Debug|Any CPU = Debug|Any CPU
		Release|Any CPU = Release|Any CPU
	EndGlobalSection
	GlobalSection(ProjectConfigurationPlatforms) = postSolution
		{76F1C741-B133-4EFD-A297-12C76CB1CDC7}.Debug|Any CPU.ActiveCfg = Debug|Any CPU
		{76F1C741-B133-4EFD-A297-12C76CB1CDC7}.Debug|Any CPU.Build.0 = Debug|Any CPU
		{76F1C741-B133-4EFD-A297-12C76CB1CDC7}.Release|Any CPU.ActiveCfg = Release|Any CPU
		{76F1C741-B133-4EFD-A297-12C76CB1CDC7}.Release|Any CPU.Build.0 = Release|Any CPU
	EndGlobalSection
	GlobalSection(SolutionProperties) = preSolution
		HideSolutionNode = FALSE
	EndGlobalSection
	GlobalSection(ExtensibilityGlobals) = postSolution
		SolutionGuid = {8645D0BE-D780-4CFC-B35B-6695A8645FC5}
	EndGlobalSection
EndGlobal
